{
    "_readme": [
        "This file locks the dependencies of your project to a known state",
        "Read more about it at https://getcomposer.org/doc/01-basic-usage.md#installing-dependencies",
        "This file is @generated automatically"
    ],
    "content-hash": "221bb39649464e7f87ea27fdd739aa0d",
    "packages": [
        {
            "name": "laminas/laminas-authentication",
            "version": "2.10.1",
            "source": {
                "type": "git",
                "url": "https://github.com/laminas/laminas-authentication.git",
                "reference": "7308db03e11147fbf567b5004ac428bdaba267f9"
            },
            "dist": {
                "type": "zip",
                "url": "https://api.github.com/repos/laminas/laminas-authentication/zipball/7308db03e11147fbf567b5004ac428bdaba267f9",
                "reference": "7308db03e11147fbf567b5004ac428bdaba267f9",
                "shasum": ""
            },
            "require": {
                "laminas/laminas-stdlib": "^3.2.1",
                "php": "^7.3 || ~8.0.0 || ~8.1.0"
            },
            "conflict": {
                "zendframework/zend-authentication": "*"
            },
            "require-dev": {
                "laminas/laminas-coding-standard": "~1.0.0",
                "laminas/laminas-crypt": "^2.6 || ^3.2.1",
                "laminas/laminas-db": "^2.13",
                "laminas/laminas-http": "^2.15.0",
                "laminas/laminas-ldap": "^2.12",
                "laminas/laminas-session": "^2.12",
                "laminas/laminas-uri": "^2.5.2",
                "laminas/laminas-validator": "^2.10.1",
                "phpunit/phpunit": "^9.3",
                "psalm/plugin-phpunit": "^0.15.1",
                "squizlabs/php_codesniffer": "^2.9.2 || ^3.6",
                "vimeo/psalm": "^4.6"
            },
            "suggest": {
                "laminas/laminas-crypt": "Laminas\\Crypt component",
                "laminas/laminas-db": "Laminas\\Db component",
                "laminas/laminas-http": "Laminas\\Http component",
                "laminas/laminas-ldap": "Laminas\\Ldap component",
                "laminas/laminas-session": "Laminas\\Session component",
                "laminas/laminas-uri": "Laminas\\Uri component",
                "laminas/laminas-validator": "Laminas\\Validator component"
            },
            "type": "library",
            "autoload": {
                "psr-4": {
                    "Laminas\\Authentication\\": "src/"
                }
            },
            "notification-url": "https://packagist.org/downloads/",
            "license": [
                "BSD-3-Clause"
            ],
            "description": "provides an API for authentication and includes concrete authentication adapters for common use case scenarios",
            "homepage": "https://laminas.dev",
            "keywords": [
                "Authentication",
                "laminas"
            ],
            "support": {
                "chat": "https://laminas.dev/chat",
                "docs": "https://docs.laminas.dev/laminas-authentication/",
                "forum": "https://discourse.laminas.dev",
                "issues": "https://github.com/laminas/laminas-authentication/issues",
                "rss": "https://github.com/laminas/laminas-authentication/releases.atom",
                "source": "https://github.com/laminas/laminas-authentication"
            },
            "funding": [
                {
                    "url": "https://funding.communitybridge.org/projects/laminas-project",
                    "type": "community_bridge"
                }
            ],
            "time": "2022-03-09T23:07:57+00:00"
        },
        {
            "name": "laminas/laminas-stdlib",
            "version": "3.7.1",
            "source": {
                "type": "git",
                "url": "https://github.com/laminas/laminas-stdlib.git",
                "reference": "bcd869e2fe88d567800057c1434f2380354fe325"
            },
            "dist": {
                "type": "zip",
                "url": "https://api.github.com/repos/laminas/laminas-stdlib/zipball/bcd869e2fe88d567800057c1434f2380354fe325",
                "reference": "bcd869e2fe88d567800057c1434f2380354fe325",
                "shasum": ""
            },
            "require": {
                "php": "^7.3 || ~8.0.0 || ~8.1.0"
            },
            "conflict": {
                "zendframework/zend-stdlib": "*"
            },
            "require-dev": {
                "laminas/laminas-coding-standard": "~2.3.0",
                "phpbench/phpbench": "^1.0",
                "phpunit/phpunit": "^9.3.7",
                "psalm/plugin-phpunit": "^0.16.0",
                "vimeo/psalm": "^4.7"
            },
            "type": "library",
            "autoload": {
                "psr-4": {
                    "Laminas\\Stdlib\\": "src/"
                }
            },
            "notification-url": "https://packagist.org/downloads/",
            "license": [
                "BSD-3-Clause"
            ],
            "description": "SPL extensions, array utilities, error handlers, and more",
            "homepage": "https://laminas.dev",
            "keywords": [
                "laminas",
                "stdlib"
            ],
            "support": {
                "chat": "https://laminas.dev/chat",
                "docs": "https://docs.laminas.dev/laminas-stdlib/",
                "forum": "https://discourse.laminas.dev",
                "issues": "https://github.com/laminas/laminas-stdlib/issues",
                "rss": "https://github.com/laminas/laminas-stdlib/releases.atom",
                "source": "https://github.com/laminas/laminas-stdlib"
            },
            "funding": [
                {
                    "url": "https://funding.communitybridge.org/projects/laminas-project",
                    "type": "community_bridge"
                }
            ],
            "time": "2022-01-21T15:50:46+00:00"
        },
        {
            "name": "nesbot/carbon",
            "version": "2.58.0",
            "source": {
                "type": "git",
                "url": "https://github.com/briannesbitt/Carbon.git",
                "reference": "97a34af22bde8d0ac20ab34b29d7bfe360902055"
            },
            "dist": {
                "type": "zip",
                "url": "https://api.github.com/repos/briannesbitt/Carbon/zipball/97a34af22bde8d0ac20ab34b29d7bfe360902055",
                "reference": "97a34af22bde8d0ac20ab34b29d7bfe360902055",
                "shasum": ""
            },
            "require": {
                "ext-json": "*",
                "php": "^7.1.8 || ^8.0",
                "symfony/polyfill-mbstring": "^1.0",
                "symfony/polyfill-php80": "^1.16",
                "symfony/translation": "^3.4 || ^4.0 || ^5.0 || ^6.0"
            },
            "require-dev": {
                "doctrine/dbal": "^2.0 || ^3.0",
                "doctrine/orm": "^2.7",
                "friendsofphp/php-cs-fixer": "^3.0",
                "kylekatarnls/multi-tester": "^2.0",
                "phpmd/phpmd": "^2.9",
                "phpstan/extension-installer": "^1.0",
                "phpstan/phpstan": "^0.12.54 || ^1.0",
                "phpunit/php-file-iterator": "^2.0.5",
                "phpunit/phpunit": "^7.5.20 || ^8.5.23",
                "squizlabs/php_codesniffer": "^3.4"
            },
            "bin": [
                "bin/carbon"
            ],
            "type": "library",
            "extra": {
                "branch-alias": {
                    "dev-3.x": "3.x-dev",
                    "dev-master": "2.x-dev"
                },
                "laravel": {
                    "providers": [
                        "Carbon\\Laravel\\ServiceProvider"
                    ]
                },
                "phpstan": {
                    "includes": [
                        "extension.neon"
                    ]
                }
            },
            "autoload": {
                "psr-4": {
                    "Carbon\\": "src/Carbon/"
                }
            },
            "notification-url": "https://packagist.org/downloads/",
            "license": [
                "MIT"
            ],
            "authors": [
                {
                    "name": "Brian Nesbitt",
                    "email": "brian@nesbot.com",
                    "homepage": "https://markido.com"
                },
                {
                    "name": "kylekatarnls",
                    "homepage": "https://github.com/kylekatarnls"
                }
            ],
            "description": "An API extension for DateTime that supports 281 different languages.",
            "homepage": "https://carbon.nesbot.com",
            "keywords": [
                "date",
                "datetime",
                "time"
            ],
            "support": {
                "docs": "https://carbon.nesbot.com/docs",
                "issues": "https://github.com/briannesbitt/Carbon/issues",
                "source": "https://github.com/briannesbitt/Carbon"
            },
            "funding": [
                {
                    "url": "https://opencollective.com/Carbon",
                    "type": "open_collective"
                },
                {
                    "url": "https://tidelift.com/funding/github/packagist/nesbot/carbon",
                    "type": "tidelift"
                }
            ],
            "time": "2022-04-25T19:31:17+00:00"
        },
        {
            "name": "riverside/php-express",
            "version": "1.0.2",
            "source": {
                "type": "git",
                "url": "https://github.com/riverside/php-express.git",
                "reference": "1ab984499159dad72656547486999b0e4e7eea64"
            },
            "dist": {
                "type": "zip",
                "url": "https://api.github.com/repos/riverside/php-express/zipball/1ab984499159dad72656547486999b0e4e7eea64",
                "reference": "1ab984499159dad72656547486999b0e4e7eea64",
                "shasum": ""
            },
            "require": {
                "ext-json": "*",
                "php": ">=7.1"
            },
            "require-dev": {
                "phpunit/phpunit": "8"
            },
            "type": "library",
            "autoload": {
                "psr-4": {
                    "PhpExpress\\": "src/"
                }
            },
            "notification-url": "https://packagist.org/downloads/",
            "license": [
                "MIT"
            ],
            "authors": [
                {
                    "name": "Dimitar Ivanov",
                    "email": "info@zinoui.com",
                    "homepage": "https://zinoui.com",
                    "role": "Developer"
                }
            ],
            "description": "PHP micro-framework inspired by Express.js",
            "homepage": "https://github.com/riverside/php-express",
            "keywords": [
                "application",
                "express",
                "framework",
                "php",
                "router"
            ],
            "support": {
                "issues": "https://github.com/riverside/php-express/issues",
                "source": "https://github.com/riverside/php-express/tree/v1.0.2"
            },
            "funding": [
                {
                    "url": "https://www.paypal.me/Dimitar81",
                    "type": "custom"
                }
            ],
            "time": "2021-05-20T15:51:34+00:00"
        },
        {
            "name": "symfony/deprecation-contracts",
            "version": "v2.5.1",
            "source": {
                "type": "git",
                "url": "https://github.com/symfony/deprecation-contracts.git",
                "reference": "e8b495ea28c1d97b5e0c121748d6f9b53d075c66"
            },
            "dist": {
                "type": "zip",
                "url": "https://api.github.com/repos/symfony/deprecation-contracts/zipball/e8b495ea28c1d97b5e0c121748d6f9b53d075c66",
                "reference": "e8b495ea28c1d97b5e0c121748d6f9b53d075c66",
                "shasum": ""
            },
            "require": {
                "php": ">=7.1"
            },
            "type": "library",
            "extra": {
                "branch-alias": {
                    "dev-main": "2.5-dev"
                },
                "thanks": {
                    "name": "symfony/contracts",
                    "url": "https://github.com/symfony/contracts"
                }
            },
            "autoload": {
                "files": [
                    "function.php"
                ]
            },
            "notification-url": "https://packagist.org/downloads/",
            "license": [
                "MIT"
            ],
            "authors": [
                {
                    "name": "Nicolas Grekas",
                    "email": "p@tchwork.com"
                },
                {
                    "name": "Symfony Community",
                    "homepage": "https://symfony.com/contributors"
                }
            ],
            "description": "A generic function and convention to trigger deprecation notices",
            "homepage": "https://symfony.com",
            "support": {
                "source": "https://github.com/symfony/deprecation-contracts/tree/v2.5.1"
            },
            "funding": [
                {
                    "url": "https://symfony.com/sponsor",
                    "type": "custom"
                },
                {
                    "url": "https://github.com/fabpot",
                    "type": "github"
                },
                {
                    "url": "https://tidelift.com/funding/github/packagist/symfony/symfony",
                    "type": "tidelift"
                }
            ],
            "time": "2022-01-02T09:53:40+00:00"
        },
        {
            "name": "symfony/polyfill-mbstring",
            "version": "v1.25.0",
            "source": {
                "type": "git",
                "url": "https://github.com/symfony/polyfill-mbstring.git",
                "reference": "0abb51d2f102e00a4eefcf46ba7fec406d245825"
            },
            "dist": {
                "type": "zip",
                "url": "https://api.github.com/repos/symfony/polyfill-mbstring/zipball/0abb51d2f102e00a4eefcf46ba7fec406d245825",
                "reference": "0abb51d2f102e00a4eefcf46ba7fec406d245825",
                "shasum": ""
            },
            "require": {
                "php": ">=7.1"
            },
            "provide": {
                "ext-mbstring": "*"
            },
            "suggest": {
                "ext-mbstring": "For best performance"
            },
            "type": "library",
            "extra": {
                "branch-alias": {
                    "dev-main": "1.23-dev"
                },
                "thanks": {
                    "name": "symfony/polyfill",
                    "url": "https://github.com/symfony/polyfill"
                }
            },
            "autoload": {
                "files": [
                    "bootstrap.php"
                ],
                "psr-4": {
                    "Symfony\\Polyfill\\Mbstring\\": ""
                }
            },
            "notification-url": "https://packagist.org/downloads/",
            "license": [
                "MIT"
            ],
            "authors": [
                {
                    "name": "Nicolas Grekas",
                    "email": "p@tchwork.com"
                },
                {
                    "name": "Symfony Community",
                    "homepage": "https://symfony.com/contributors"
                }
            ],
            "description": "Symfony polyfill for the Mbstring extension",
            "homepage": "https://symfony.com",
            "keywords": [
                "compatibility",
                "mbstring",
                "polyfill",
                "portable",
                "shim"
            ],
            "support": {
                "source": "https://github.com/symfony/polyfill-mbstring/tree/v1.25.0"
            },
            "funding": [
                {
                    "url": "https://symfony.com/sponsor",
                    "type": "custom"
                },
                {
                    "url": "https://github.com/fabpot",
                    "type": "github"
                },
                {
                    "url": "https://tidelift.com/funding/github/packagist/symfony/symfony",
                    "type": "tidelift"
                }
            ],
            "time": "2021-11-30T18:21:41+00:00"
        },
        {
            "name": "symfony/polyfill-php80",
            "version": "v1.25.0",
            "source": {
                "type": "git",
                "url": "https://github.com/symfony/polyfill-php80.git",
                "reference": "4407588e0d3f1f52efb65fbe92babe41f37fe50c"
            },
            "dist": {
                "type": "zip",
                "url": "https://api.github.com/repos/symfony/polyfill-php80/zipball/4407588e0d3f1f52efb65fbe92babe41f37fe50c",
                "reference": "4407588e0d3f1f52efb65fbe92babe41f37fe50c",
                "shasum": ""
            },
            "require": {
                "php": ">=7.1"
            },
            "type": "library",
            "extra": {
                "branch-alias": {
                    "dev-main": "1.23-dev"
                },
                "thanks": {
                    "name": "symfony/polyfill",
                    "url": "https://github.com/symfony/polyfill"
                }
            },
            "autoload": {
                "files": [
                    "bootstrap.php"
                ],
                "psr-4": {
                    "Symfony\\Polyfill\\Php80\\": ""
                },
                "classmap": [
                    "Resources/stubs"
                ]
            },
            "notification-url": "https://packagist.org/downloads/",
            "license": [
                "MIT"
            ],
            "authors": [
                {
                    "name": "Ion Bazan",
                    "email": "ion.bazan@gmail.com"
                },
                {
                    "name": "Nicolas Grekas",
                    "email": "p@tchwork.com"
                },
                {
                    "name": "Symfony Community",
                    "homepage": "https://symfony.com/contributors"
                }
            ],
            "description": "Symfony polyfill backporting some PHP 8.0+ features to lower PHP versions",
            "homepage": "https://symfony.com",
            "keywords": [
                "compatibility",
                "polyfill",
                "portable",
                "shim"
            ],
            "support": {
                "source": "https://github.com/symfony/polyfill-php80/tree/v1.25.0"
            },
            "funding": [
                {
                    "url": "https://symfony.com/sponsor",
                    "type": "custom"
                },
                {
                    "url": "https://github.com/fabpot",
                    "type": "github"
                },
                {
                    "url": "https://tidelift.com/funding/github/packagist/symfony/symfony",
                    "type": "tidelift"
                }
            ],
            "time": "2022-03-04T08:16:47+00:00"
        },
        {
            "name": "symfony/translation",
            "version": "v5.4.8",
            "source": {
                "type": "git",
                "url": "https://github.com/symfony/translation.git",
                "reference": "f5c0f6d1f20993b2606f3a5f36b1dc8c1899170b"
            },
            "dist": {
                "type": "zip",
                "url": "https://api.github.com/repos/symfony/translation/zipball/f5c0f6d1f20993b2606f3a5f36b1dc8c1899170b",
                "reference": "f5c0f6d1f20993b2606f3a5f36b1dc8c1899170b",
                "shasum": ""
            },
            "require": {
                "php": ">=7.2.5",
                "symfony/deprecation-contracts": "^2.1|^3",
                "symfony/polyfill-mbstring": "~1.0",
                "symfony/polyfill-php80": "^1.16",
                "symfony/translation-contracts": "^2.3"
            },
            "conflict": {
                "symfony/config": "<4.4",
                "symfony/console": "<5.3",
                "symfony/dependency-injection": "<5.0",
                "symfony/http-kernel": "<5.0",
                "symfony/twig-bundle": "<5.0",
                "symfony/yaml": "<4.4"
            },
            "provide": {
                "symfony/translation-implementation": "2.3"
            },
            "require-dev": {
                "psr/log": "^1|^2|^3",
                "symfony/config": "^4.4|^5.0|^6.0",
                "symfony/console": "^5.4|^6.0",
                "symfony/dependency-injection": "^5.0|^6.0",
                "symfony/finder": "^4.4|^5.0|^6.0",
                "symfony/http-client-contracts": "^1.1|^2.0|^3.0",
                "symfony/http-kernel": "^5.0|^6.0",
                "symfony/intl": "^4.4|^5.0|^6.0",
                "symfony/polyfill-intl-icu": "^1.21",
                "symfony/service-contracts": "^1.1.2|^2|^3",
                "symfony/yaml": "^4.4|^5.0|^6.0"
            },
            "suggest": {
                "psr/log-implementation": "To use logging capability in translator",
                "symfony/config": "",
                "symfony/yaml": ""
            },
            "type": "library",
            "autoload": {
                "files": [
                    "Resources/functions.php"
                ],
                "psr-4": {
                    "Symfony\\Component\\Translation\\": ""
                },
                "exclude-from-classmap": [
                    "/Tests/"
                ]
            },
            "notification-url": "https://packagist.org/downloads/",
            "license": [
                "MIT"
            ],
            "authors": [
                {
                    "name": "Fabien Potencier",
                    "email": "fabien@symfony.com"
                },
                {
                    "name": "Symfony Community",
                    "homepage": "https://symfony.com/contributors"
                }
            ],
            "description": "Provides tools to internationalize your application",
            "homepage": "https://symfony.com",
            "support": {
                "source": "https://github.com/symfony/translation/tree/v5.4.8"
            },
            "funding": [
                {
                    "url": "https://symfony.com/sponsor",
                    "type": "custom"
                },
                {
                    "url": "https://github.com/fabpot",
                    "type": "github"
                },
                {
                    "url": "https://tidelift.com/funding/github/packagist/symfony/symfony",
                    "type": "tidelift"
                }
            ],
            "time": "2022-04-22T08:14:12+00:00"
        },
        {
            "name": "symfony/translation-contracts",
            "version": "v2.5.1",
            "source": {
                "type": "git",
                "url": "https://github.com/symfony/translation-contracts.git",
                "reference": "1211df0afa701e45a04253110e959d4af4ef0f07"
            },
            "dist": {
                "type": "zip",
                "url": "https://api.github.com/repos/symfony/translation-contracts/zipball/1211df0afa701e45a04253110e959d4af4ef0f07",
                "reference": "1211df0afa701e45a04253110e959d4af4ef0f07",
                "shasum": ""
            },
            "require": {
                "php": ">=7.2.5"
            },
            "suggest": {
                "symfony/translation-implementation": ""
            },
            "type": "library",
            "extra": {
                "branch-alias": {
                    "dev-main": "2.5-dev"
                },
                "thanks": {
                    "name": "symfony/contracts",
                    "url": "https://github.com/symfony/contracts"
                }
            },
            "autoload": {
                "psr-4": {
                    "Symfony\\Contracts\\Translation\\": ""
                }
            },
            "notification-url": "https://packagist.org/downloads/",
            "license": [
                "MIT"
            ],
            "authors": [
                {
                    "name": "Nicolas Grekas",
                    "email": "p@tchwork.com"
                },
                {
                    "name": "Symfony Community",
                    "homepage": "https://symfony.com/contributors"
                }
            ],
            "description": "Generic abstractions related to translation",
            "homepage": "https://symfony.com",
            "keywords": [
                "abstractions",
                "contracts",
                "decoupling",
                "interfaces",
                "interoperability",
                "standards"
            ],
            "support": {
                "source": "https://github.com/symfony/translation-contracts/tree/v2.5.1"
            },
            "funding": [
                {
                    "url": "https://symfony.com/sponsor",
                    "type": "custom"
                },
                {
                    "url": "https://github.com/fabpot",
                    "type": "github"
                },
                {
                    "url": "https://tidelift.com/funding/github/packagist/symfony/symfony",
                    "type": "tidelift"
                }
            ],
            "time": "2022-01-02T09:53:40+00:00"
        },
        {
            "name": "yeriomin/redbean-single-file",
            "version": "4.3.4",
            "source": {
                "type": "git",
                "url": "https://github.com/yeriomin/redbean-single-file.git",
                "reference": "b9fa7a7ff4b2877c59df60b419e6fd52ccde38a4"
            },
            "dist": {
                "type": "zip",
                "url": "https://api.github.com/repos/yeriomin/redbean-single-file/zipball/b9fa7a7ff4b2877c59df60b419e6fd52ccde38a4",
                "reference": "b9fa7a7ff4b2877c59df60b419e6fd52ccde38a4",
                "shasum": ""
            },
            "require": {
                "php": ">=5.3.3"
            },
            "type": "library",
            "autoload": {
                "files": [
                    "rb.php"
                ]
            },
            "notification-url": "https://packagist.org/downloads/",
            "license": [
                "MIT"
            ],
            "authors": [
                {
                    "name": "Gabor de Mooij",
                    "email": "gabordemooij@gmail.com",
                    "homepage": "http://www.redbeanphp.com",
                    "role": "Developer"
                }
            ],
            "description": "RedBeanPHP is an easy-to-use, on-the-fly ORM for PHP.",
            "homepage": "https://github.com/yeriomin/redbean-single-file",
            "keywords": [
                "CUBRID",
                "InnoDB",
                "mariadb",
                "mysql",
                "postgresql",
                "sqlite3"
            ],
            "support": {
                "issues": "https://github.com/yeriomin/redbean-single-file/issues",
                "source": "https://github.com/yeriomin/redbean-single-file/tree/master"
            },
            "time": "2017-05-06T17:53:19+00:00"
        }
    ],
    "packages-dev": [],
    "aliases": [],
    "minimum-stability": "stable",
    "stability-flags": [],
    "prefer-stable": false,
    "prefer-lowest": false,
    "platform": [],
    "platform-dev": [],
    "plugin-api-version": "2.0.0"
}
