{
  "requires": true,
  "lockfileVersion": 1,
  "dependencies": {
    "bulma_scss": {
      "version": "0.7.2-rc.0",
      "resolved": "https://registry.npmjs.org/bulma_scss/-/bulma_scss-0.7.2-rc.0.tgz",
      "integrity": "sha512-GeZW1WSuMxgqP5oMOx8oAarAB04cpgOcBTikBowwCkHg1JzjOm8uoCEpigeDx3VcOGQs0dI0x1NJqqZOzEoARQ=="
    }
  }
}
